{
  "name": "poli",
  "version": "1.0.0",
  "lockfileVersion": 1,
  "requires": true,
  "dependencies": {
    "@babel/polyfill": {
      "version": "7.4.4",
      "resolved": "https://registry.npmjs.org/@babel/polyfill/-/polyfill-7.4.4.tgz",
      "integrity": "sha512-WlthFLfhQQhh+A2Gn5NSFl0Huxz36x86Jn+E9OW7ibK8edKPq+KLy4apM1yDpQ8kJOVi1OVjpP4vSDLdrI04dg==",
      "requires": {
        "core-js": "^2.6.5",
        "regenerator-runtime": "^0.13.2"
      }
    },
    "biskviit": {
      "version": "1.0.1",
      "resolved": "https://registry.npmjs.org/biskviit/-/biskviit-1.0.1.tgz",
      "integrity": "sha1-A3oM1LcbnjMf2QoRIt4X3EnkIKc=",
      "requires": {
        "psl": "^1.1.7"
      }
    },
    "core-js": {
      "version": "2.6.9",
      "resolved": "https://registry.npmjs.org/core-js/-/core-js-2.6.9.tgz",
      "integrity": "sha512-HOpZf6eXmnl7la+cUdMnLvUxKNqLUzJvgIziQ0DiF3JwSImNphIqdGqzj6hIKyX04MmV0poclQ7+wjWvxQyR2A=="
    },
    "crypto": {
      "version": "1.0.1",
      "resolved": "https://registry.npmjs.org/crypto/-/crypto-1.0.1.tgz",
      "integrity": "sha512-VxBKmeNcqQdiUQUW2Tzq0t377b54N2bMtXO/qiLa+6eRRmmC4qT3D4OnTGoT/U6O9aklQ/jTwbOtRMTTY8G0Ig=="
    },
    "encoding": {
      "version": "0.1.12",
      "resolved": "https://registry.npmjs.org/encoding/-/encoding-0.1.12.tgz",
      "integrity": "sha1-U4tm8+5izRq1HsMjgp0flIDHS+s=",
      "requires": {
        "iconv-lite": "~0.4.13"
      }
    },
    "fetch": {
      "version": "1.1.0",
      "resolved": "https://registry.npmjs.org/fetch/-/fetch-1.1.0.tgz",
      "integrity": "sha1-CoJ58Gvjf58Ou1Z1YKMKSA2lmi4=",
      "requires": {
        "biskviit": "1.0.1",
        "encoding": "0.1.12"
      }
    },
    "graceful-fs": {
      "version": "4.1.15",
      "resolved": "https://registry.npmjs.org/graceful-fs/-/graceful-fs-4.1.15.tgz",
      "integrity": "sha512-6uHUhOPEBgQ24HM+r6b/QwWfZq+yiFcipKFrOFiBEnWdy5sdzYoi+pJeQaPI5qOLRFqWmAXUPQNsielzdLoecA==",
      "optional": true
    },
    "iconv-lite": {
      "version": "0.4.24",
      "resolved": "https://registry.npmjs.org/iconv-lite/-/iconv-lite-0.4.24.tgz",
      "integrity": "sha512-v3MXnZAcvnywkTUEZomIActle7RXXeedOR31wwl7VlyoXO4Qi9arvSenNQWne1TcRwhCL1HwLI21bEqdpj8/rA==",
      "requires": {
        "safer-buffer": ">= 2.1.2 < 3"
      }
    },
    "jsonfile": {
      "version": "5.0.0",
      "resolved": "https://registry.npmjs.org/jsonfile/-/jsonfile-5.0.0.tgz",
      "integrity": "sha512-NQRZ5CRo74MhMMC3/3r5g2k4fjodJ/wh8MxjFbCViWKFjxrnudWSY5vomh+23ZaXzAS7J3fBZIR2dV6WbmfM0w==",
      "requires": {
        "graceful-fs": "^4.1.6",
        "universalify": "^0.1.2"
      }
    },
    "lodash": {
      "version": "4.17.11",
      "resolved": "https://registry.npmjs.org/lodash/-/lodash-4.17.11.tgz",
      "integrity": "sha512-cQKh8igo5QUhZ7lg38DYWAxMvjSAKG0A8wGSVimP07SIUEK2UO+arSRKbRZWtelMtN5V0Hkwh5ryOto/SshYIg=="
    },
    "newsapi": {
      "version": "2.4.0",
      "resolved": "https://registry.npmjs.org/newsapi/-/newsapi-2.4.0.tgz",
      "integrity": "sha512-1cupr3Gksz9GiwGLJfCWySoAVY+CPAZ4+3w8wEKFXBuHqUyq4+SqTbCVZ0FNvJ3w2oX2NxeVOiL17Phta+E6gA==",
      "requires": {
        "@babel/polyfill": "^7.0.0",
        "node-fetch": "^2.2.0"
      }
    },
    "node-fetch": {
      "version": "2.6.0",
      "resolved": "https://registry.npmjs.org/node-fetch/-/node-fetch-2.6.0.tgz",
      "integrity": "sha512-8dG4H5ujfvFiqDmVu9fQ5bOHUC15JMjMY/Zumv26oOvvVJjM67KF8koCWIabKQ1GJIa9r2mMZscBq/TbdOcmNA=="
    },
    "parse5": {
      "version": "5.1.0",
      "resolved": "https://registry.npmjs.org/parse5/-/parse5-5.1.0.tgz",
      "integrity": "sha512-fxNG2sQjHvlVAYmzBZS9YlDp6PTSSDwa98vkD4QgVDDCAo84z5X1t5XyJQ62ImdLXx5NdIIfihey6xpum9/gRQ=="
    },
    "psl": {
      "version": "1.1.32",
      "resolved": "https://registry.npmjs.org/psl/-/psl-1.1.32.tgz",
      "integrity": "sha512-MHACAkHpihU/REGGPLj4sEfc/XKW2bheigvHO1dUqjaKigMp1C8+WLQYRGgeKFMsw5PMfegZcaN8IDXK/cD0+g=="
    },
    "regenerator-runtime": {
      "version": "0.13.2",
      "resolved": "https://registry.npmjs.org/regenerator-runtime/-/regenerator-runtime-0.13.2.tgz",
      "integrity": "sha512-S/TQAZJO+D3m9xeN1WTI8dLKBBiRgXBlTJvbWjCThHWZj9EvHK70Ff50/tYj2J/fvBY6JtFVwRuazHN2E7M9BA=="
    },
    "safer-buffer": {
      "version": "2.1.2",
      "resolved": "https://registry.npmjs.org/safer-buffer/-/safer-buffer-2.1.2.tgz",
      "integrity": "sha512-YZo3K82SD7Riyi0E1EQPojLz7kpepnSQI9IyPbHHg1XXXevb5dJI7tpyN2ADxGcQbHG7vcyRHk0cbwqcQriUtg=="
    },
    "universalify": {
      "version": "0.1.2",
      "resolved": "https://registry.npmjs.org/universalify/-/universalify-0.1.2.tgz",
      "integrity": "sha512-rBJeI5CXAlmy1pV+617WB9J63U6XcazHHF2f2dbJix4XzpUF0RS3Zbj0FGIOCAva5P/d/GBOYaACQ1w+0azUkg=="
    }
  }
}
